
Microsoft Visual Studio Solution File, Format Version 12.00
# Visual Studio Version 16
VisualStudioVersion = 16.0.31019.35
MinimumVisualStudioVersion = 10.0.40219.1
Project("{FAE04EC0-301F-11D3-BF4B-00C04F79EFBC}") = "SimpleTabbedNavigation", "SimpleTabbedNavigation\SimpleTabbedNavigation.csproj", "{7170E24C-C31A-4F04-A3D7-CFB5274C4D04}"
EndProject
Global
	GlobalSection(SolutionConfigurationPlatforms) = preSolution
		Debug|Any CPU = Debug|Any CPU
		Release|Any CPU = Release|Any CPU
	EndGlobalSection
	GlobalSection(ProjectConfigurationPlatforms) = postSolution
		{7170E24C-C31A-4F04-A3D7-CFB5274C4D04}.Debug|Any CPU.ActiveCfg = Debug|Any CPU
		{7170E24C-C31A-4F04-A3D7-CFB5274C4D04}.Debug|Any CPU.Build.0 = Debug|Any CPU
		{7170E24C-C31A-4F04-A3D7-CFB5274C4D04}.Release|Any CPU.ActiveCfg = Release|Any CPU
		{7170E24C-C31A-4F04-A3D7-CFB5274C4D04}.Release|Any CPU.Build.0 = Release|Any CPU
	EndGlobalSection
	GlobalSection(SolutionProperties) = preSolution
		HideSolutionNode = FALSE
	EndGlobalSection
	GlobalSection(ExtensibilityGlobals) = postSolution
		SolutionGuid = {A78910B2-08DA-4D47-8252-898DF889591A}
	EndGlobalSection
EndGlobal
